// !$*UTF8*$!
{
	archiveVersion = 1;
	classes = {
	};
	objectVersion = 50;
	objects = {

/* Begin PBXBuildFile section */
		D604D6B8239C558F00A013AA /* CameraController.swift in Sources */ = {isa = PBXBuildFile; fileRef = D604D6B7239C558F00A013AA /* CameraController.swift */; };
		D604D6BA239C559B00A013AA /* MapController.swift in Sources */ = {isa = PBXBuildFile; fileRef = D604D6B9239C559B00A013AA /* MapController.swift */; };
		D649083B2379F60E00BBF397 /* Localizable.strings in Resources */ = {isa = PBXBuildFile; fileRef = D649083D2379F60E00BBF397 /* Localizable.strings */; };
		D6BCD78D233E3F4200BE05EF /* EditList.swift in Sources */ = {isa = PBXBuildFile; fileRef = D6BCD78C233E3F4200BE05EF /* EditList.swift */; };
		D6BCD78F233E3F5000BE05EF /* ViewList.swift in Sources */ = {isa = PBXBuildFile; fileRef = D6BCD78E233E3F5000BE05EF /* ViewList.swift */; };
		D6BCD791233E41CC00BE05EF /* icons8-list-64.png in Resources */ = {isa = PBXBuildFile; fileRef = D6BCD790233E41CB00BE05EF /* icons8-list-64.png */; };
		D6FE2E39233A97BF0042BAA7 /* AppDelegate.swift in Sources */ = {isa = PBXBuildFile; fileRef = D6FE2E38233A97BF0042BAA7 /* AppDelegate.swift */; };
		D6FE2E3E233A97BF0042BAA7 /* Main.storyboard in Resources */ = {isa = PBXBuildFile; fileRef = D6FE2E3C233A97BF0042BAA7 /* Main.storyboard */; };
		D6FE2E40233A97C00042BAA7 /* Assets.xcassets in Resources */ = {isa = PBXBuildFile; fileRef = D6FE2E3F233A97C00042BAA7 /* Assets.xcassets */; };
		D6FE2E43233A97C00042BAA7 /* LaunchScreen.storyboard in Resources */ = {isa = PBXBuildFile; fileRef = D6FE2E41233A97C00042BAA7 /* LaunchScreen.storyboard */; };
		D6FE2E4B233AD5040042BAA7 /* CreateList.swift in Sources */ = {isa = PBXBuildFile; fileRef = D6FE2E4A233AD5040042BAA7 /* CreateList.swift */; };
		D6FE2E4D233AD51A0042BAA7 /* GroceryList.swift in Sources */ = {isa = PBXBuildFile; fileRef = D6FE2E4C233AD51A0042BAA7 /* GroceryList.swift */; };
		D830D779237DEEAA00A901E1 /* DetailViewController.swift in Sources */ = {isa = PBXBuildFile; fileRef = D830D778237DEEAA00A901E1 /* DetailViewController.swift */; };
		D839A8EE239C1B0D00231EAB /* Holiday.swift in Sources */ = {isa = PBXBuildFile; fileRef = D839A8ED239C1B0D00231EAB /* Holiday.swift */; };
		D839A8F0239C1CE200231EAB /* HolidayRequest.swift in Sources */ = {isa = PBXBuildFile; fileRef = D839A8EF239C1CE200231EAB /* HolidayRequest.swift */; };
		D8AB6377239AD2B40094A850 /* HolidayTableView.swift in Sources */ = {isa = PBXBuildFile; fileRef = D8AB6376239AD2B40094A850 /* HolidayTableView.swift */; };
/* End PBXBuildFile section */

/* Begin PBXFileReference section */
		D604D6B7239C558F00A013AA /* CameraController.swift */ = {isa = PBXFileReference; lastKnownFileType = sourcecode.swift; path = CameraController.swift; sourceTree = "<group>"; };
		D604D6B9239C559B00A013AA /* MapController.swift */ = {isa = PBXFileReference; lastKnownFileType = sourcecode.swift; path = MapController.swift; sourceTree = "<group>"; };
		D649083C2379F60E00BBF397 /* en */ = {isa = PBXFileReference; lastKnownFileType = text.plist.strings; name = en; path = en.lproj/Localizable.strings; sourceTree = "<group>"; };
		D649083E2379F62800BBF397 /* fr-CA */ = {isa = PBXFileReference; lastKnownFileType = text.plist.strings; name = "fr-CA"; path = "fr-CA.lproj/Localizable.strings"; sourceTree = "<group>"; };
		D6BCD78C233E3F4200BE05EF /* EditList.swift */ = {isa = PBXFileReference; lastKnownFileType = sourcecode.swift; path = EditList.swift; sourceTree = "<group>"; };
		D6BCD78E233E3F5000BE05EF /* ViewList.swift */ = {isa = PBXFileReference; lastKnownFileType = sourcecode.swift; path = ViewList.swift; sourceTree = "<group>"; };
		D6BCD790233E41CB00BE05EF /* icons8-list-64.png */ = {isa = PBXFileReference; lastKnownFileType = image.png; name = "icons8-list-64.png"; path = "Assets.xcassets/icons8-list-64.png"; sourceTree = "<group>"; };
		D6C0CBC32379F29F00BC516E /* fr-CA */ = {isa = PBXFileReference; lastKnownFileType = text.plist.strings; name = "fr-CA"; path = "fr-CA.lproj/Main.strings"; sourceTree = "<group>"; };
		D6C0CBC42379F29F00BC516E /* fr-CA */ = {isa = PBXFileReference; lastKnownFileType = text.plist.strings; name = "fr-CA"; path = "fr-CA.lproj/LaunchScreen.strings"; sourceTree = "<group>"; };
		D6FE2E35233A97BF0042BAA7 /* MAD_A1.app */ = {isa = PBXFileReference; explicitFileType = wrapper.application; includeInIndex = 0; path = MAD_A1.app; sourceTree = BUILT_PRODUCTS_DIR; };
		D6FE2E38233A97BF0042BAA7 /* AppDelegate.swift */ = {isa = PBXFileReference; lastKnownFileType = sourcecode.swift; path = AppDelegate.swift; sourceTree = "<group>"; };
		D6FE2E3D233A97BF0042BAA7 /* Base */ = {isa = PBXFileReference; lastKnownFileType = file.storyboard; name = Base; path = Base.lproj/Main.storyboard; sourceTree = "<group>"; };
		D6FE2E3F233A97C00042BAA7 /* Assets.xcassets */ = {isa = PBXFileReference; lastKnownFileType = folder.assetcatalog; path = Assets.xcassets; sourceTree = "<group>"; };
		D6FE2E42233A97C00042BAA7 /* Base */ = {isa = PBXFileReference; lastKnownFileType = file.storyboard; name = Base; path = Base.lproj/LaunchScreen.storyboard; sourceTree = "<group>"; };
		D6FE2E44233A97C00042BAA7 /* Info.plist */ = {isa = PBXFileReference; lastKnownFileType = text.plist.xml; path = Info.plist; sourceTree = "<group>"; };
		D6FE2E4A233AD5040042BAA7 /* CreateList.swift */ = {isa = PBXFileReference; lastKnownFileType = sourcecode.swift; path = CreateList.swift; sourceTree = "<group>"; };
		D6FE2E4C233AD51A0042BAA7 /* GroceryList.swift */ = {isa = PBXFileReference; lastKnownFileType = sourcecode.swift; path = GroceryList.swift; sourceTree = "<group>"; };
		D830D778237DEEAA00A901E1 /* DetailViewController.swift */ = {isa = PBXFileReference; lastKnownFileType = sourcecode.swift; path = DetailViewController.swift; sourceTree = "<group>"; };
		D839A8ED239C1B0D00231EAB /* Holiday.swift */ = {isa = PBXFileReference; lastKnownFileType = sourcecode.swift; path = Holiday.swift; sourceTree = "<group>"; };
		D839A8EF239C1CE200231EAB /* HolidayRequest.swift */ = {isa = PBXFileReference; lastKnownFileType = sourcecode.swift; path = HolidayRequest.swift; sourceTree = "<group>"; };
		D8AB6376239AD2B40094A850 /* HolidayTableView.swift */ = {isa = PBXFileReference; lastKnownFileType = sourcecode.swift; path = HolidayTableView.swift; sourceTree = "<group>"; };
/* End PBXFileReference section */

/* Begin PBXFrameworksBuildPhase section */
		D6FE2E32233A97BF0042BAA7 /* Frameworks */ = {
			isa = PBXFrameworksBuildPhase;
			buildActionMask = 2147483647;
			files = (
			);
			runOnlyForDeploymentPostprocessing = 0;
		};
/* End PBXFrameworksBuildPhase section */

/* Begin PBXGroup section */
		D6FE2E2C233A97BF0042BAA7 = {
			isa = PBXGroup;
			children = (
				D6FE2E37233A97BF0042BAA7 /* MAD_A1 */,
				D6FE2E36233A97BF0042BAA7 /* Products */,
			);
			sourceTree = "<group>";
		};
		D6FE2E36233A97BF0042BAA7 /* Products */ = {
			isa = PBXGroup;
			children = (
				D6FE2E35233A97BF0042BAA7 /* MAD_A1.app */,
			);
			name = Products;
			sourceTree = "<group>";
		};
		D6FE2E37233A97BF0042BAA7 /* MAD_A1 */ = {
			isa = PBXGroup;
			children = (
				D6FE2E38233A97BF0042BAA7 /* AppDelegate.swift */,
				D6FE2E3C233A97BF0042BAA7 /* Main.storyboard */,
				D8AB6376239AD2B40094A850 /* HolidayTableView.swift */,
				D839A8ED239C1B0D00231EAB /* Holiday.swift */,
				D839A8EF239C1CE200231EAB /* HolidayRequest.swift */,
				D6BCD790233E41CB00BE05EF /* icons8-list-64.png */,
				D6FE2E3F233A97C00042BAA7 /* Assets.xcassets */,
				D6FE2E41233A97C00042BAA7 /* LaunchScreen.storyboard */,
				D6FE2E44233A97C00042BAA7 /* Info.plist */,
				D6FE2E4C233AD51A0042BAA7 /* GroceryList.swift */,
				D6FE2E4A233AD5040042BAA7 /* CreateList.swift */,
				D6BCD78C233E3F4200BE05EF /* EditList.swift */,
				D6BCD78E233E3F5000BE05EF /* ViewList.swift */,
				D649083D2379F60E00BBF397 /* Localizable.strings */,
				D830D778237DEEAA00A901E1 /* DetailViewController.swift */,
				D604D6B7239C558F00A013AA /* CameraController.swift */,
				D604D6B9239C559B00A013AA /* MapController.swift */,
			);
			path = MAD_A1;
			sourceTree = "<group>";
		};
/* End PBXGroup section */

/* Begin PBXNativeTarget section */
		D6FE2E34233A97BF0042BAA7 /* MAD_A1 */ = {
			isa = PBXNativeTarget;
			buildConfigurationList = D6FE2E47233A97C00042BAA7 /* Build configuration list for PBXNativeTarget "MAD_A1" */;
			buildPhases = (
				D6FE2E31233A97BF0042BAA7 /* Sources */,
				D6FE2E32233A97BF0042BAA7 /* Frameworks */,
				D6FE2E33233A97BF0042BAA7 /* Resources */,
			);
			buildRules = (
			);
			dependencies = (
			);
			name = MAD_A1;
			productName = MAD_A1;
			productReference = D6FE2E35233A97BF0042BAA7 /* MAD_A1.app */;
			productType = "com.apple.product-type.application";
		};
/* End PBXNativeTarget section */

/* Begin PBXProject section */
		D6FE2E2D233A97BF0042BAA7 /* Project object */ = {
			isa = PBXProject;
			attributes = {
				LastSwiftUpdateCheck = 1030;
				LastUpgradeCheck = 1030;
				ORGANIZATIONNAME = "Saline Solutions";
				TargetAttributes = {
					D6FE2E34233A97BF0042BAA7 = {
						CreatedOnToolsVersion = 10.3;
					};
				};
			};
			buildConfigurationList = D6FE2E30233A97BF0042BAA7 /* Build configuration list for PBXProject "MAD_A1" */;
			compatibilityVersion = "Xcode 9.3";
			developmentRegion = en;
			hasScannedForEncodings = 0;
			knownRegions = (
				en,
				Base,
				"fr-CA",
			);
			mainGroup = D6FE2E2C233A97BF0042BAA7;
			productRefGroup = D6FE2E36233A97BF0042BAA7 /* Products */;
			projectDirPath = "";
			projectRoot = "";
			targets = (
				D6FE2E34233A97BF0042BAA7 /* MAD_A1 */,
			);
		};
/* End PBXProject section */

/* Begin PBXResourcesBuildPhase section */
		D6FE2E33233A97BF0042BAA7 /* Resources */ = {
			isa = PBXResourcesBuildPhase;
			buildActionMask = 2147483647;
			files = (
				D649083B2379F60E00BBF397 /* Localizable.strings in Resources */,
				D6FE2E43233A97C00042BAA7 /* LaunchScreen.storyboard in Resources */,
				D6BCD791233E41CC00BE05EF /* icons8-list-64.png in Resources */,
				D6FE2E40233A97C00042BAA7 /* Assets.xcassets in Resources */,
				D6FE2E3E233A97BF0042BAA7 /* Main.storyboard in Resources */,
			);
			runOnlyForDeploymentPostprocessing = 0;
		};
/* End PBXResourcesBuildPhase section */

/* Begin PBXSourcesBuildPhase section */
		D6FE2E31233A97BF0042BAA7 /* Sources */ = {
			isa = PBXSourcesBuildPhase;
			buildActionMask = 2147483647;
			files = (
				D6FE2E4D233AD51A0042BAA7 /* GroceryList.swift in Sources */,
				D6BCD78F233E3F5000BE05EF /* ViewList.swift in Sources */,
				D839A8EE239C1B0D00231EAB /* Holiday.swift in Sources */,
				D604D6BA239C559B00A013AA /* MapController.swift in Sources */,
				D839A8F0239C1CE200231EAB /* HolidayRequest.swift in Sources */,
				D604D6B8239C558F00A013AA /* CameraController.swift in Sources */,
				D6FE2E39233A97BF0042BAA7 /* AppDelegate.swift in Sources */,
				D830D779237DEEAA00A901E1 /* DetailViewController.swift in Sources */,
				D6FE2E4B233AD5040042BAA7 /* CreateList.swift in Sources */,
				D6BCD78D233E3F4200BE05EF /* EditList.swift in Sources */,
				D8AB6377239AD2B40094A850 /* HolidayTableView.swift in Sources */,
			);
			runOnlyForDeploymentPostprocessing = 0;
		};
/* End PBXSourcesBuildPhase section */

/* Begin PBXVariantGroup section */
		D649083D2379F60E00BBF397 /* Localizable.strings */ = {
			isa = PBXVariantGroup;
			children = (
				D649083C2379F60E00BBF397 /* en */,
				D649083E2379F62800BBF397 /* fr-CA */,
			);
			name = Localizable.strings;
			sourceTree = "<group>";
		};
		D6FE2E3C233A97BF0042BAA7 /* Main.storyboard */ = {
			isa = PBXVariantGroup;
			children = (
				D6FE2E3D233A97BF0042BAA7 /* Base */,
				D6C0CBC32379F29F00BC516E /* fr-CA */,
			);
			name = Main.storyboard;
			sourceTree = "<group>";
		};
		D6FE2E41233A97C00042BAA7 /* LaunchScreen.storyboard */ = {
			isa = PBXVariantGroup;
			children = (
				D6FE2E42233A97C00042BAA7 /* Base */,
				D6C0CBC42379F29F00BC516E /* fr-CA */,
			);
			name = LaunchScreen.storyboard;
			sourceTree = "<group>";
		};
/* End PBXVariantGroup section */

/* Begin XCBuildConfiguration section */
		D6FE2E45233A97C00042BAA7 /* Debug */ = {
			isa = XCBuildConfiguration;
			buildSettings = {
				ALWAYS_SEARCH_USER_PATHS = NO;
				CLANG_ANALYZER_LOCALIZABILITY_NONLOCALIZED = YES;
				CLANG_ANALYZER_NONNULL = YES;
				CLANG_ANALYZER_NUMBER_OBJECT_CONVERSION = YES_AGGRESSIVE;
				CLANG_CXX_LANGUAGE_STANDARD = "gnu++14";
				CLANG_CXX_LIBRARY = "libc++";
				CLANG_ENABLE_MODULES = YES;
				CLANG_ENABLE_OBJC_ARC = YES;
				CLANG_ENABLE_OBJC_WEAK = YES;
				CLANG_WARN_BLOCK_CAPTURE_AUTORELEASING = YES;
				CLANG_WARN_BOOL_CONVERSION = YES;
				CLANG_WARN_COMMA = YES;
				CLANG_WARN_CONSTANT_CONVERSION = YES;
				CLANG_WARN_DEPRECATED_OBJC_IMPLEMENTATIONS = YES;
				CLANG_WARN_DIRECT_OBJC_ISA_USAGE = YES_ERROR;
				CLANG_WARN_DOCUMENTATION_COMMENTS = YES;
				CLANG_WARN_EMPTY_BODY = YES;
				CLANG_WARN_ENUM_CONVERSION = YES;
				CLANG_WARN_INFINITE_RECURSION = YES;
				CLANG_WARN_INT_CONVERSION = YES;
				CLANG_WARN_NON_LITERAL_NULL_CONVERSION = YES;
				CLANG_WARN_OBJC_IMPLICIT_RETAIN_SELF = YES;
				CLANG_WARN_OBJC_LITERAL_CONVERSION = YES;
				CLANG_WARN_OBJC_ROOT_CLASS = YES_ERROR;
				CLANG_WARN_RANGE_LOOP_ANALYSIS = YES;
				CLANG_WARN_STRICT_PROTOTYPES = YES;
				CLANG_WARN_SUSPICIOUS_MOVE = YES;
				CLANG_WARN_UNGUARDED_AVAILABILITY = YES_AGGRESSIVE;
				CLANG_WARN_UNREACHABLE_CODE = YES;
				CLANG_WARN__DUPLICATE_METHOD_MATCH = YES;
				CODE_SIGN_IDENTITY = "iPhone Developer";
				COPY_PHASE_STRIP = NO;
				DEBUG_INFORMATION_FORMAT = dwarf;
				ENABLE_STRICT_OBJC_MSGSEND = YES;
				ENABLE_TESTABILITY = YES;
				GCC_C_LANGUAGE_STANDARD = gnu11;
				GCC_DYNAMIC_NO_PIC = NO;
				GCC_NO_COMMON_BLOCKS = YES;
				GCC_OPTIMIZATION_LEVEL = 0;
				GCC_PREPROCESSOR_DEFINITIONS = (
					"DEBUG=1",
					"$(inherited)",
				);
				GCC_WARN_64_TO_32_BIT_CONVERSION = YES;
				GCC_WARN_ABOUT_RETURN_TYPE = YES_ERROR;
				GCC_WARN_UNDECLARED_SELECTOR = YES;
				GCC_WARN_UNINITIALIZED_AUTOS = YES_AGGRESSIVE;
				GCC_WARN_UNUSED_FUNCTION = YES;
				GCC_WARN_UNUSED_VARIABLE = YES;
				IPHONEOS_DEPLOYMENT_TARGET = 12.4;
				MTL_ENABLE_DEBUG_INFO = INCLUDE_SOURCE;
				MTL_FAST_MATH = YES;
				ONLY_ACTIVE_ARCH = YES;
				SDKROOT = iphoneos;
				SWIFT_ACTIVE_COMPILATION_CONDITIONS = DEBUG;
				SWIFT_OPTIMIZATION_LEVEL = "-Onone";
			};
			name = Debug;
		};
		D6FE2E46233A97C00042BAA7 /* Release */ = {
			isa = XCBuildConfiguration;
			buildSettings = {
				ALWAYS_SEARCH_USER_PATHS = NO;
				CLANG_ANALYZER_LOCALIZABILITY_NONLOCALIZED = YES;
				CLANG_ANALYZER_NONNULL = YES;
				CLANG_ANALYZER_NUMBER_OBJECT_CONVERSION = YES_AGGRESSIVE;
				CLANG_CXX_LANGUAGE_STANDARD = "gnu++14";
				CLANG_CXX_LIBRARY = "libc++";
				CLANG_ENABLE_MODULES = YES;
				CLANG_ENABLE_OBJC_ARC = YES;
				CLANG_ENABLE_OBJC_WEAK = YES;
				CLANG_WARN_BLOCK_CAPTURE_AUTORELEASING = YES;
				CLANG_WARN_BOOL_CONVERSION = YES;
				CLANG_WARN_COMMA = YES;
				CLANG_WARN_CONSTANT_CONVERSION = YES;
				CLANG_WARN_DEPRECATED_OBJC_IMPLEMENTATIONS = YES;
				CLANG_WARN_DIRECT_OBJC_ISA_USAGE = YES_ERROR;
				CLANG_WARN_DOCUMENTATION_COMMENTS = YES;
				CLANG_WARN_EMPTY_BODY = YES;
				CLANG_WARN_ENUM_CONVERSION = YES;
				CLANG_WARN_INFINITE_RECURSION = YES;
				CLANG_WARN_INT_CONVERSION = YES;
				CLANG_WARN_NON_LITERAL_NULL_CONVERSION = YES;
				CLANG_WARN_OBJC_IMPLICIT_RETAIN_SELF = YES;
				CLANG_WARN_OBJC_LITERAL_CONVERSION = YES;
				CLANG_WARN_OBJC_ROOT_CLASS = YES_ERROR;
				CLANG_WARN_RANGE_LOOP_ANALYSIS = YES;
				CLANG_WARN_STRICT_PROTOTYPES = YES;
				CLANG_WARN_SUSPICIOUS_MOVE = YES;
				CLANG_WARN_UNGUARDED_AVAILABILITY = YES_AGGRESSIVE;
				CLANG_WARN_UNREACHABLE_CODE = YES;
				CLANG_WARN__DUPLICATE_METHOD_MATCH = YES;
				CODE_SIGN_IDENTITY = "iPhone Developer";
				COPY_PHASE_STRIP = NO;
				DEBUG_INFORMATION_FORMAT = "dwarf-with-dsym";
				ENABLE_NS_ASSERTIONS = NO;
				ENABLE_STRICT_OBJC_MSGSEND = YES;
				GCC_C_LANGUAGE_STANDARD = gnu11;
				GCC_NO_COMMON_BLOCKS = YES;
				GCC_WARN_64_TO_32_BIT_CONVERSION = YES;
				GCC_WARN_ABOUT_RETURN_TYPE = YES_ERROR;
				GCC_WARN_UNDECLARED_SELECTOR = YES;
				GCC_WARN_UNINITIALIZED_AUTOS = YES_AGGRESSIVE;
				GCC_WARN_UNUSED_FUNCTION = YES;
				GCC_WARN_UNUSED_VARIABLE = YES;
				IPHONEOS_DEPLOYMENT_TARGET = 12.4;
				MTL_ENABLE_DEBUG_INFO = NO;
				MTL_FAST_MATH = YES;
				SDKROOT = iphoneos;
				SWIFT_COMPILATION_MODE = wholemodule;
				SWIFT_OPTIMIZATION_LEVEL = "-O";
				VALIDATE_PRODUCT = YES;
			};
			name = Release;
		};
		D6FE2E48233A97C00042BAA7 /* Debug */ = {
			isa = XCBuildConfiguration;
			buildSettings = {
				ASSETCATALOG_COMPILER_APPICON_NAME = AppIcon;
				CODE_SIGN_STYLE = Automatic;
				INFOPLIST_FILE = MAD_A1/Info.plist;
				IPHONEOS_DEPLOYMENT_TARGET = 12.0;
				LD_RUNPATH_SEARCH_PATHS = (
					"$(inherited)",
					"@executable_path/Frameworks",
				);
				PRODUCT_BUNDLE_IDENTIFIER = "ca.MAD-A1";
				PRODUCT_NAME = "$(TARGET_NAME)";
				SWIFT_VERSION = 4.0;
				TARGETED_DEVICE_FAMILY = "1,2";
			};
			name = Debug;
		};
		D6FE2E49233A97C00042BAA7 /* Release */ = {
			isa = XCBuildConfiguration;
			buildSettings = {
				ASSETCATALOG_COMPILER_APPICON_NAME = AppIcon;
				CODE_SIGN_STYLE = Automatic;
				INFOPLIST_FILE = MAD_A1/Info.plist;
				IPHONEOS_DEPLOYMENT_TARGET = 12.0;
				LD_RUNPATH_SEARCH_PATHS = (
					"$(inherited)",
					"@executable_path/Frameworks",
				);
				PRODUCT_BUNDLE_IDENTIFIER = "ca.MAD-A1";
				PRODUCT_NAME = "$(TARGET_NAME)";
				SWIFT_VERSION = 4.0;
				TARGETED_DEVICE_FAMILY = "1,2";
			};
			name = Release;
		};
/* End XCBuildConfiguration section */

/* Begin XCConfigurationList section */
		D6FE2E30233A97BF0042BAA7 /* Build configuration list for PBXProject "MAD_A1" */ = {
			isa = XCConfigurationList;
			buildConfigurations = (
				D6FE2E45233A97C00042BAA7 /* Debug */,
				D6FE2E46233A97C00042BAA7 /* Release */,
			);
			defaultConfigurationIsVisible = 0;
			defaultConfigurationName = Release;
		};
		D6FE2E47233A97C00042BAA7 /* Build configuration list for PBXNativeTarget "MAD_A1" */ = {
			isa = XCConfigurationList;
			buildConfigurations = (
				D6FE2E48233A97C00042BAA7 /* Debug */,
				D6FE2E49233A97C00042BAA7 /* Release */,
			);
			defaultConfigurationIsVisible = 0;
			defaultConfigurationName = Release;
		};
/* End XCConfigurationList section */
	};
	rootObject = D6FE2E2D233A97BF0042BAA7 /* Project object */;
}
